<?xml version="1.0" encoding="utf-8"?>
<Project ToolsVersion="4.0" xmlns="http://schemas.microsoft.com/developer/msbuild/2003">
  <ItemGroup>
    <Filter Include="Source Files">
      <UniqueIdentifier>{4FC737F1-C7A5-4376-A066-2A32D752A2FF}</UniqueIdentifier>
      <Extensions>cpp;c;cc;cxx;c++;cppm;ixx;def;odl;idl;hpj;bat;asm;asmx</Extensions>
    </Filter>
    <Filter Include="Header Files">
      <UniqueIdentifier>{93995380-89BD-4b04-88EB-625FBE52EBFB}</UniqueIdentifier>
      <Extensions>h;hh;hpp;hxx;h++;hm;inl;inc;ipp;xsd</Extensions>
    </Filter>
    <Filter Include="Resource Files">
      <UniqueIdentifier>{67DA6AB6-F800-4c08-8B7A-83BB121AAD01}</UniqueIdentifier>
      <Extensions>rc;ico;cur;bmp;dlg;rc2;rct;bin;rgs;gif;jpg;jpeg;jpe;resx;tiff;tif;png;wav;mfcribbon-ms</Extensions>
    </Filter>
  </ItemGroup>
  <ItemGroup>
    <ClCompile Include="core\OrbitalHauler.cpp">
      <Filter>Source Files</Filter>
    </ClCompile>
    <ClCompile Include="systems\mainengine\MainEngine.cpp">
      <Filter>Source Files</Filter>
    </ClCompile>
    <ClCompile Include="systems\rcs\ReactionControlSystem.cpp">
      <Filter>Source Files</Filter>
    </ClCompile>
    <ClCompile Include="systems\dockport\DockPort.cpp">
      <Filter>Source Files</Filter>
    </ClCompile>
    <ClCompile Include="model\ThrusterConfig.cpp">
      <Filter>Source Files</Filter>
    </ClCompile>
    <ClCompile Include="model\OrbitalHaulerConfig.cpp">
      <Filter>Source Files</Filter>
    </ClCompile>
    <ClCompile Include="event\Event_Base.cpp">
      <Filter>Source Files</Filter>
    </ClCompile>
    <ClCompile Include="event\Event_Timed.cpp">
      <Filter>Source Files</Filter>
    </ClCompile>
    <ClCompile Include="event\EventBroker.cpp">
      <Filter>Source Files</Filter>
    </ClCompile>
    <ClCompile Include="cockpit\Cockpit.cpp">
      <Filter>Source Files</Filter>
    </ClCompile>
    <ClCompile Include="flippinswitches\PrototypeSwitch.cpp">
      <Filter>Source Files</Filter>
    </ClCompile>
    <ClCompile Include="flippinswitches\InstrumentPanel.cpp">
      <Filter>Source Files</Filter>
    </ClCompile>
    <ClCompile Include="flippinswitches\InstrumentPanelElement.cpp">
      <Filter>Source Files</Filter>
    </ClCompile>
    <ClCompile Include="util\Rotations.cpp">
      <Filter>Source Files</Filter>
    </ClCompile>
    <ClCompile Include="util\Calc.cpp">
      <Filter>Source Files</Filter>
    </ClCompile>
  </ItemGroup>
  <ItemGroup>
    <ClInclude Include="core\OrbitalHauler.h">
      <Filter>Header Files</Filter>
    </ClInclude>
    <ClInclude Include="systems\VesselSystem.h">
      <Filter>Header Files</Filter>
    </ClInclude>
    <ClInclude Include="core\Common.h">
      <Filter>Header Files</Filter>
    </ClInclude>
    <ClInclude Include="systems\mainengine\MainEngine.h">
      <Filter>Header Files</Filter>
    </ClInclude>
    <ClInclude Include="systems\rcs\ReactionControlSystem.h">
      <Filter>Header Files</Filter>
    </ClInclude>
    <ClInclude Include="systems\dockport\DockPort.h">
      <Filter>Header Files</Filter>
    </ClInclude>
    <ClInclude Include="model\Models.h">
      <Filter>Header Files</Filter>
    </ClInclude>
    <ClInclude Include="model\ThrusterConfig.h">
      <Filter>Header Files</Filter>
    </ClInclude>
    <ClInclude Include="model\OrbitalHaulerConfig.h">
      <Filter>Header Files</Filter>
    </ClInclude>
    <ClInclude Include="event\Event_Base.h">
      <Filter>Header Files</Filter>
    </ClInclude>
    <ClInclude Include="event\Event_Timed.h">
      <Filter>Header Files</Filter>
    </ClInclude>
    <ClInclude Include="event\Events.h">
      <Filter>Header Files</Filter>
    </ClInclude>
    <ClInclude Include="event\EventTypes.h">
      <Filter>Header Files</Filter>
    </ClInclude>
    <ClInclude Include="event\EventBroker.h">
      <Filter>Header Files</Filter>
    </ClInclude>
    <ClInclude Include="event\EventSubscriber.h">
      <Filter>Header Files</Filter>
    </ClInclude>
    <ClInclude Include="event\events\SimpleEvent.h">
      <Filter>Header Files</Filter>
    </ClInclude>
    <ClInclude Include="cockpit\Cockpit.h">
      <Filter>Header Files</Filter>
    </ClInclude>
    <ClInclude Include="flippinswitches\PrototypeSwitch.h">
      <Filter>Header Files</Filter>
    </ClInclude>
    <ClInclude Include="event\events\MouseEvent.h">
      <Filter>Header Files</Filter>
    </ClInclude>
    <ClInclude Include="flippinswitches\InstrumentPanel.h">
      <Filter>Header Files</Filter>
    </ClInclude>
    <ClInclude Include="flippinswitches\InstrumentPanelElement.h">
      <Filter>Header Files</Filter>
    </ClInclude>
    <ClInclude Include="util\Rotations.h">
      <Filter>Header Files</Filter>
    </ClInclude>
    <ClInclude Include="util\Calc.h">
      <Filter>Header Files</Filter>
    </ClInclude>
  </ItemGroup>
</Project>